
Microsoft Visual Studio Solution File, Format Version 12.00
# Visual Studio Version 16
VisualStudioVersion = 16.0.34931.43
MinimumVisualStudioVersion = 10.0.40219.1
Project("{FAE04EC0-301F-11D3-BF4B-00C04F79EFBC}") = "WebApp", "WebApp\WebApp.csproj", "{749D1C9F-F1C2-4F2B-9BA4-08FBE1FC76D3}"
EndProject
Project("{FAE04EC0-301F-11D3-BF4B-00C04F79EFBC}") = "CoreBusines", "CoreBusines\CoreBusines.csproj", "{850F609B-4EFA-4D76-945D-B1D0627FA0C9}"
EndProject
Global
	GlobalSection(SolutionConfigurationPlatforms) = preSolution
		Debug|Any CPU = Debug|Any CPU
		Release|Any CPU = Release|Any CPU
	EndGlobalSection
	GlobalSection(ProjectConfigurationPlatforms) = postSolution
		{749D1C9F-F1C2-4F2B-9BA4-08FBE1FC76D3}.Debug|Any CPU.ActiveCfg = Debug|Any CPU
		{749D1C9F-F1C2-4F2B-9BA4-08FBE1FC76D3}.Debug|Any CPU.Build.0 = Debug|Any CPU
		{749D1C9F-F1C2-4F2B-9BA4-08FBE1FC76D3}.Release|Any CPU.ActiveCfg = Release|Any CPU
		{749D1C9F-F1C2-4F2B-9BA4-08FBE1FC76D3}.Release|Any CPU.Build.0 = Release|Any CPU
		{850F609B-4EFA-4D76-945D-B1D0627FA0C9}.Debug|Any CPU.ActiveCfg = Debug|Any CPU
		{850F609B-4EFA-4D76-945D-B1D0627FA0C9}.Debug|Any CPU.Build.0 = Debug|Any CPU
		{850F609B-4EFA-4D76-945D-B1D0627FA0C9}.Release|Any CPU.ActiveCfg = Release|Any CPU
		{850F609B-4EFA-4D76-945D-B1D0627FA0C9}.Release|Any CPU.Build.0 = Release|Any CPU
	EndGlobalSection
	GlobalSection(SolutionProperties) = preSolution
		HideSolutionNode = FALSE
	EndGlobalSection
	GlobalSection(ExtensibilityGlobals) = postSolution
		SolutionGuid = {5D45135E-95EB-4465-9883-D0FC608381F3}
	EndGlobalSection
EndGlobal
